// !$*UTF8*$!
{
	archiveVersion = 1;
	classes = {
	};
	objectVersion = 46;
	objects = {

/* Begin PBXBuildFile section */
		DB66FD3C1CDD95FC00546AB1 /* main.m in Sources */ = {isa = PBXBuildFile; fileRef = DB66FD3B1CDD95FC00546AB1 /* main.m */; };
		DB66FD3F1CDD95FC00546AB1 /* AppDelegate.m in Sources */ = {isa = PBXBuildFile; fileRef = DB66FD3E1CDD95FC00546AB1 /* AppDelegate.m */; };
		DB66FD421CDD95FC00546AB1 /* ViewController.m in Sources */ = {isa = PBXBuildFile; fileRef = DB66FD411CDD95FC00546AB1 /* ViewController.m */; };
		DB66FD451CDD95FC00546AB1 /* Main.storyboard in Resources */ = {isa = PBXBuildFile; fileRef = DB66FD431CDD95FC00546AB1 /* Main.storyboard */; };
		DB66FD471CDD95FC00546AB1 /* Assets.xcassets in Resources */ = {isa = PBXBuildFile; fileRef = DB66FD461CDD95FC00546AB1 /* Assets.xcassets */; };
		DB66FD4A1CDD95FC00546AB1 /* LaunchScreen.storyboard in Resources */ = {isa = PBXBuildFile; fileRef = DB66FD481CDD95FC00546AB1 /* LaunchScreen.storyboard */; };
		DB66FD551CDD95FC00546AB1 /* ScrollViewPagesTests.m in Sources */ = {isa = PBXBuildFile; fileRef = DB66FD541CDD95FC00546AB1 /* ScrollViewPagesTests.m */; };
		DB66FD601CDD95FC00546AB1 /* ScrollViewPagesUITests.m in Sources */ = {isa = PBXBuildFile; fileRef = DB66FD5F1CDD95FC00546AB1 /* ScrollViewPagesUITests.m */; };
/* End PBXBuildFile section */

/* Begin PBXContainerItemProxy section */
		DB66FD511CDD95FC00546AB1 /* PBXContainerItemProxy */ = {
			isa = PBXContainerItemProxy;
			containerPortal = DB66FD2F1CDD95FC00546AB1 /* Project object */;
			proxyType = 1;
			remoteGlobalIDString = DB66FD361CDD95FC00546AB1;
			remoteInfo = ScrollViewPages;
		};
		DB66FD5C1CDD95FC00546AB1 /* PBXContainerItemProxy */ = {
			isa = PBXContainerItemProxy;
			containerPortal = DB66FD2F1CDD95FC00546AB1 /* Project object */;
			proxyType = 1;
			remoteGlobalIDString = DB66FD361CDD95FC00546AB1;
			remoteInfo = ScrollViewPages;
		};
/* End PBXContainerItemProxy section */

/* Begin PBXFileReference section */
		DB66FD371CDD95FC00546AB1 /* ScrollViewPages.app */ = {isa = PBXFileReference; explicitFileType = wrapper.application; includeInIndex = 0; path = ScrollViewPages.app; sourceTree = BUILT_PRODUCTS_DIR; };
		DB66FD3B1CDD95FC00546AB1 /* main.m */ = {isa = PBXFileReference; lastKnownFileType = sourcecode.c.objc; path = main.m; sourceTree = "<group>"; };
		DB66FD3D1CDD95FC00546AB1 /* AppDelegate.h */ = {isa = PBXFileReference; lastKnownFileType = sourcecode.c.h; path = AppDelegate.h; sourceTree = "<group>"; };
		DB66FD3E1CDD95FC00546AB1 /* AppDelegate.m */ = {isa = PBXFileReference; lastKnownFileType = sourcecode.c.objc; path = AppDelegate.m; sourceTree = "<group>"; };
		DB66FD401CDD95FC00546AB1 /* ViewController.h */ = {isa = PBXFileReference; lastKnownFileType = sourcecode.c.h; path = ViewController.h; sourceTree = "<group>"; };
		DB66FD411CDD95FC00546AB1 /* ViewController.m */ = {isa = PBXFileReference; lastKnownFileType = sourcecode.c.objc; path = ViewController.m; sourceTree = "<group>"; };
		DB66FD441CDD95FC00546AB1 /* Base */ = {isa = PBXFileReference; lastKnownFileType = file.storyboard; name = Base; path = Base.lproj/Main.storyboard; sourceTree = "<group>"; };
		DB66FD461CDD95FC00546AB1 /* Assets.xcassets */ = {isa = PBXFileReference; lastKnownFileType = folder.assetcatalog; path = Assets.xcassets; sourceTree = "<group>"; };
		DB66FD491CDD95FC00546AB1 /* Base */ = {isa = PBXFileReference; lastKnownFileType = file.storyboard; name = Base; path = Base.lproj/LaunchScreen.storyboard; sourceTree = "<group>"; };
		DB66FD4B1CDD95FC00546AB1 /* Info.plist */ = {isa = PBXFileReference; lastKnownFileType = text.plist.xml; path = Info.plist; sourceTree = "<group>"; };
		DB66FD501CDD95FC00546AB1 /* ScrollViewPagesTests.xctest */ = {isa = PBXFileReference; explicitFileType = wrapper.cfbundle; includeInIndex = 0; path = ScrollViewPagesTests.xctest; sourceTree = BUILT_PRODUCTS_DIR; };
		DB66FD541CDD95FC00546AB1 /* ScrollViewPagesTests.m */ = {isa = PBXFileReference; lastKnownFileType = sourcecode.c.objc; path = ScrollViewPagesTests.m; sourceTree = "<group>"; };
		DB66FD561CDD95FC00546AB1 /* Info.plist */ = {isa = PBXFileReference; lastKnownFileType = text.plist.xml; path = Info.plist; sourceTree = "<group>"; };
		DB66FD5B1CDD95FC00546AB1 /* ScrollViewPagesUITests.xctest */ = {isa = PBXFileReference; explicitFileType = wrapper.cfbundle; includeInIndex = 0; path = ScrollViewPagesUITests.xctest; sourceTree = BUILT_PRODUCTS_DIR; };
		DB66FD5F1CDD95FC00546AB1 /* ScrollViewPagesUITests.m */ = {isa = PBXFileReference; lastKnownFileType = sourcecode.c.objc; path = ScrollViewPagesUITests.m; sourceTree = "<group>"; };
		DB66FD611CDD95FC00546AB1 /* Info.plist */ = {isa = PBXFileReference; lastKnownFileType = text.plist.xml; path = Info.plist; sourceTree = "<group>"; };
/* End PBXFileReference section */

/* Begin PBXFrameworksBuildPhase section */
		DB66FD341CDD95FC00546AB1 /* Frameworks */ = {
			isa = PBXFrameworksBuildPhase;
			buildActionMask = 2147483647;
			files = (
			);
			runOnlyForDeploymentPostprocessing = 0;
		};
		DB66FD4D1CDD95FC00546AB1 /* Frameworks */ = {
			isa = PBXFrameworksBuildPhase;
			buildActionMask = 2147483647;
			files = (
			);
			runOnlyForDeploymentPostprocessing = 0;
		};
		DB66FD581CDD95FC00546AB1 /* Frameworks */ = {
			isa = PBXFrameworksBuildPhase;
			buildActionMask = 2147483647;
			files = (
			);
			runOnlyForDeploymentPostprocessing = 0;
		};
/* End PBXFrameworksBuildPhase section */

/* Begin PBXGroup section */
		DB66FD2E1CDD95FC00546AB1 = {
			isa = PBXGroup;
			children = (
				DB66FD391CDD95FC00546AB1 /* ScrollViewPages */,
				DB66FD531CDD95FC00546AB1 /* ScrollViewPagesTests */,
				DB66FD5E1CDD95FC00546AB1 /* ScrollViewPagesUITests */,
				DB66FD381CDD95FC00546AB1 /* Products */,
			);
			sourceTree = "<group>";
		};
		DB66FD381CDD95FC00546AB1 /* Products */ = {
			isa = PBXGroup;
			children = (
				DB66FD371CDD95FC00546AB1 /* ScrollViewPages.app */,
				DB66FD501CDD95FC00546AB1 /* ScrollViewPagesTests.xctest */,
				DB66FD5B1CDD95FC00546AB1 /* ScrollViewPagesUITests.xctest */,
			);
			name = Products;
			sourceTree = "<group>";
		};
		DB66FD391CDD95FC00546AB1 /* ScrollViewPages */ = {
			isa = PBXGroup;
			children = (
				DB66FD3D1CDD95FC00546AB1 /* AppDelegate.h */,
				DB66FD3E1CDD95FC00546AB1 /* AppDelegate.m */,
				DB66FD401CDD95FC00546AB1 /* ViewController.h */,
				DB66FD411CDD95FC00546AB1 /* ViewController.m */,
				DB66FD431CDD95FC00546AB1 /* Main.storyboard */,
				DB66FD461CDD95FC00546AB1 /* Assets.xcassets */,
				DB66FD481CDD95FC00546AB1 /* LaunchScreen.storyboard */,
				DB66FD4B1CDD95FC00546AB1 /* Info.plist */,
				DB66FD3A1CDD95FC00546AB1 /* Supporting Files */,
			);
			path = ScrollViewPages;
			sourceTree = "<group>";
		};
		DB66FD3A1CDD95FC00546AB1 /* Supporting Files */ = {
			isa = PBXGroup;
			children = (
				DB66FD3B1CDD95FC00546AB1 /* main.m */,
			);
			name = "Supporting Files";
			sourceTree = "<group>";
		};
		DB66FD531CDD95FC00546AB1 /* ScrollViewPagesTests */ = {
			isa = PBXGroup;
			children = (
				DB66FD541CDD95FC00546AB1 /* ScrollViewPagesTests.m */,
				DB66FD561CDD95FC00546AB1 /* Info.plist */,
			);
			path = ScrollViewPagesTests;
			sourceTree = "<group>";
		};
		DB66FD5E1CDD95FC00546AB1 /* ScrollViewPagesUITests */ = {
			isa = PBXGroup;
			children = (
				DB66FD5F1CDD95FC00546AB1 /* ScrollViewPagesUITests.m */,
				DB66FD611CDD95FC00546AB1 /* Info.plist */,
			);
			path = ScrollViewPagesUITests;
			sourceTree = "<group>";
		};
/* End PBXGroup section */

/* Begin PBXNativeTarget section */
		DB66FD361CDD95FC00546AB1 /* ScrollViewPages */ = {
			isa = PBXNativeTarget;
			buildConfigurationList = DB66FD641CDD95FC00546AB1 /* Build configuration list for PBXNativeTarget "ScrollViewPages" */;
			buildPhases = (
				DB66FD331CDD95FC00546AB1 /* Sources */,
				DB66FD341CDD95FC00546AB1 /* Frameworks */,
				DB66FD351CDD95FC00546AB1 /* Resources */,
			);
			buildRules = (
			);
			dependencies = (
			);
			name = ScrollViewPages;
			productName = ScrollViewPages;
			productReference = DB66FD371CDD95FC00546AB1 /* ScrollViewPages.app */;
			productType = "com.apple.product-type.application";
		};
		DB66FD4F1CDD95FC00546AB1 /* ScrollViewPagesTests */ = {
			isa = PBXNativeTarget;
			buildConfigurationList = DB66FD671CDD95FC00546AB1 /* Build configuration list for PBXNativeTarget "ScrollViewPagesTests" */;
			buildPhases = (
				DB66FD4C1CDD95FC00546AB1 /* Sources */,
				DB66FD4D1CDD95FC00546AB1 /* Frameworks */,
				DB66FD4E1CDD95FC00546AB1 /* Resources */,
			);
			buildRules = (
			);
			dependencies = (
				DB66FD521CDD95FC00546AB1 /* PBXTargetDependency */,
			);
			name = ScrollViewPagesTests;
			productName = ScrollViewPagesTests;
			productReference = DB66FD501CDD95FC00546AB1 /* ScrollViewPagesTests.xctest */;
			productType = "com.apple.product-type.bundle.unit-test";
		};
		DB66FD5A1CDD95FC00546AB1 /* ScrollViewPagesUITests */ = {
			isa = PBXNativeTarget;
			buildConfigurationList = DB66FD6A1CDD95FC00546AB1 /* Build configuration list for PBXNativeTarget "ScrollViewPagesUITests" */;
			buildPhases = (
				DB66FD571CDD95FC00546AB1 /* Sources */,
				DB66FD581CDD95FC00546AB1 /* Frameworks */,
				DB66FD591CDD95FC00546AB1 /* Resources */,
			);
			buildRules = (
			);
			dependencies = (
				DB66FD5D1CDD95FC00546AB1 /* PBXTargetDependency */,
			);
			name = ScrollViewPagesUITests;
			productName = ScrollViewPagesUITests;
			productReference = DB66FD5B1CDD95FC00546AB1 /* ScrollViewPagesUITests.xctest */;
			productType = "com.apple.product-type.bundle.ui-testing";
		};
/* End PBXNativeTarget section */

/* Begin PBXProject section */
		DB66FD2F1CDD95FC00546AB1 /* Project object */ = {
			isa = PBXProject;
			attributes = {
				LastUpgradeCheck = 0720;
				ORGANIZATIONNAME = "墨雪";
				TargetAttributes = {
					DB66FD361CDD95FC00546AB1 = {
						CreatedOnToolsVersion = 7.2.1;
					};
					DB66FD4F1CDD95FC00546AB1 = {
						CreatedOnToolsVersion = 7.2.1;
						TestTargetID = DB66FD361CDD95FC00546AB1;
					};
					DB66FD5A1CDD95FC00546AB1 = {
						CreatedOnToolsVersion = 7.2.1;
						TestTargetID = DB66FD361CDD95FC00546AB1;
					};
				};
			};
			buildConfigurationList = DB66FD321CDD95FC00546AB1 /* Build configuration list for PBXProject "ScrollViewPages" */;
			compatibilityVersion = "Xcode 3.2";
			developmentRegion = English;
			hasScannedForEncodings = 0;
			knownRegions = (
				en,
				Base,
			);
			mainGroup = DB66FD2E1CDD95FC00546AB1;
			productRefGroup = DB66FD381CDD95FC00546AB1 /* Products */;
			projectDirPath = "";
			projectRoot = "";
			targets = (
				DB66FD361CDD95FC00546AB1 /* ScrollViewPages */,
				DB66FD4F1CDD95FC00546AB1 /* ScrollViewPagesTests */,
				DB66FD5A1CDD95FC00546AB1 /* ScrollViewPagesUITests */,
			);
		};
/* End PBXProject section */

/* Begin PBXResourcesBuildPhase section */
		DB66FD351CDD95FC00546AB1 /* Resources */ = {
			isa = PBXResourcesBuildPhase;
			buildActionMask = 2147483647;
			files = (
				DB66FD4A1CDD95FC00546AB1 /* LaunchScreen.storyboard in Resources */,
				DB66FD471CDD95FC00546AB1 /* Assets.xcassets in Resources */,
				DB66FD451CDD95FC00546AB1 /* Main.storyboard in Resources */,
			);
			runOnlyForDeploymentPostprocessing = 0;
		};
		DB66FD4E1CDD95FC00546AB1 /* Resources */ = {
			isa = PBXResourcesBuildPhase;
			buildActionMask = 2147483647;
			files = (
			);
			runOnlyForDeploymentPostprocessing = 0;
		};
		DB66FD591CDD95FC00546AB1 /* Resources */ = {
			isa = PBXResourcesBuildPhase;
			buildActionMask = 2147483647;
			files = (
			);
			runOnlyForDeploymentPostprocessing = 0;
		};
/* End PBXResourcesBuildPhase section */

/* Begin PBXSourcesBuildPhase section */
		DB66FD331CDD95FC00546AB1 /* Sources */ = {
			isa = PBXSourcesBuildPhase;
			buildActionMask = 2147483647;
			files = (
				DB66FD421CDD95FC00546AB1 /* ViewController.m in Sources */,
				DB66FD3F1CDD95FC00546AB1 /* AppDelegate.m in Sources */,
				DB66FD3C1CDD95FC00546AB1 /* main.m in Sources */,
			);
			runOnlyForDeploymentPostprocessing = 0;
		};
		DB66FD4C1CDD95FC00546AB1 /* Sources */ = {
			isa = PBXSourcesBuildPhase;
			buildActionMask = 2147483647;
			files = (
				DB66FD551CDD95FC00546AB1 /* ScrollViewPagesTests.m in Sources */,
			);
			runOnlyForDeploymentPostprocessing = 0;
		};
		DB66FD571CDD95FC00546AB1 /* Sources */ = {
			isa = PBXSourcesBuildPhase;
			buildActionMask = 2147483647;
			files = (
				DB66FD601CDD95FC00546AB1 /* ScrollViewPagesUITests.m in Sources */,
			);
			runOnlyForDeploymentPostprocessing = 0;
		};
/* End PBXSourcesBuildPhase section */

/* Begin PBXTargetDependency section */
		DB66FD521CDD95FC00546AB1 /* PBXTargetDependency */ = {
			isa = PBXTargetDependency;
			target = DB66FD361CDD95FC00546AB1 /* ScrollViewPages */;
			targetProxy = DB66FD511CDD95FC00546AB1 /* PBXContainerItemProxy */;
		};
		DB66FD5D1CDD95FC00546AB1 /* PBXTargetDependency */ = {
			isa = PBXTargetDependency;
			target = DB66FD361CDD95FC00546AB1 /* ScrollViewPages */;
			targetProxy = DB66FD5C1CDD95FC00546AB1 /* PBXContainerItemProxy */;
		};
/* End PBXTargetDependency section */

/* Begin PBXVariantGroup section */
		DB66FD431CDD95FC00546AB1 /* Main.storyboard */ = {
			isa = PBXVariantGroup;
			children = (
				DB66FD441CDD95FC00546AB1 /* Base */,
			);
			name = Main.storyboard;
			sourceTree = "<group>";
		};
		DB66FD481CDD95FC00546AB1 /* LaunchScreen.storyboard */ = {
			isa = PBXVariantGroup;
			children = (
				DB66FD491CDD95FC00546AB1 /* Base */,
			);
			name = LaunchScreen.storyboard;
			sourceTree = "<group>";
		};
/* End PBXVariantGroup section */

/* Begin XCBuildConfiguration section */
		DB66FD621CDD95FC00546AB1 /* Debug */ = {
			isa = XCBuildConfiguration;
			buildSettings = {
				ALWAYS_SEARCH_USER_PATHS = NO;
				CLANG_CXX_LANGUAGE_STANDARD = "gnu++0x";
				CLANG_CXX_LIBRARY = "libc++";
				CLANG_ENABLE_MODULES = YES;
				CLANG_ENABLE_OBJC_ARC = YES;
				CLANG_WARN_BOOL_CONVERSION = YES;
				CLANG_WARN_CONSTANT_CONVERSION = YES;
				CLANG_WARN_DIRECT_OBJC_ISA_USAGE = YES_ERROR;
				CLANG_WARN_EMPTY_BODY = YES;
				CLANG_WARN_ENUM_CONVERSION = YES;
				CLANG_WARN_INT_CONVERSION = YES;
				CLANG_WARN_OBJC_ROOT_CLASS = YES_ERROR;
				CLANG_WARN_UNREACHABLE_CODE = YES;
				CLANG_WARN__DUPLICATE_METHOD_MATCH = YES;
				"CODE_SIGN_IDENTITY[sdk=iphoneos*]" = "iPhone Developer";
				COPY_PHASE_STRIP = NO;
				DEBUG_INFORMATION_FORMAT = dwarf;
				ENABLE_STRICT_OBJC_MSGSEND = YES;
				ENABLE_TESTABILITY = YES;
				GCC_C_LANGUAGE_STANDARD = gnu99;
				GCC_DYNAMIC_NO_PIC = NO;
				GCC_NO_COMMON_BLOCKS = YES;
				GCC_OPTIMIZATION_LEVEL = 0;
				GCC_PREPROCESSOR_DEFINITIONS = (
					"DEBUG=1",
					"$(inherited)",
				);
				GCC_WARN_64_TO_32_BIT_CONVERSION = YES;
				GCC_WARN_ABOUT_RETURN_TYPE = YES_ERROR;
				GCC_WARN_UNDECLARED_SELECTOR = YES;
				GCC_WARN_UNINITIALIZED_AUTOS = YES_AGGRESSIVE;
				GCC_WARN_UNUSED_FUNCTION = YES;
				GCC_WARN_UNUSED_VARIABLE = YES;
				IPHONEOS_DEPLOYMENT_TARGET = 9.2;
				MTL_ENABLE_DEBUG_INFO = YES;
				ONLY_ACTIVE_ARCH = YES;
				SDKROOT = iphoneos;
			};
			name = Debug;
		};
		DB66FD631CDD95FC00546AB1 /* Release */ = {
			isa = XCBuildConfiguration;
			buildSettings = {
				ALWAYS_SEARCH_USER_PATHS = NO;
				CLANG_CXX_LANGUAGE_STANDARD = "gnu++0x";
				CLANG_CXX_LIBRARY = "libc++";
				CLANG_ENABLE_MODULES = YES;
				CLANG_ENABLE_OBJC_ARC = YES;
				CLANG_WARN_BOOL_CONVERSION = YES;
				CLANG_WARN_CONSTANT_CONVERSION = YES;
				CLANG_WARN_DIRECT_OBJC_ISA_USAGE = YES_ERROR;
				CLANG_WARN_EMPTY_BODY = YES;
				CLANG_WARN_ENUM_CONVERSION = YES;
				CLANG_WARN_INT_CONVERSION = YES;
				CLANG_WARN_OBJC_ROOT_CLASS = YES_ERROR;
				CLANG_WARN_UNREACHABLE_CODE = YES;
				CLANG_WARN__DUPLICATE_METHOD_MATCH = YES;
				"CODE_SIGN_IDENTITY[sdk=iphoneos*]" = "iPhone Developer";
				COPY_PHASE_STRIP = NO;
				DEBUG_INFORMATION_FORMAT = "dwarf-with-dsym";
				ENABLE_NS_ASSERTIONS = NO;
				ENABLE_STRICT_OBJC_MSGSEND = YES;
				GCC_C_LANGUAGE_STANDARD = gnu99;
				GCC_NO_COMMON_BLOCKS = YES;
				GCC_WARN_64_TO_32_BIT_CONVERSION = YES;
				GCC_WARN_ABOUT_RETURN_TYPE = YES_ERROR;
				GCC_WARN_UNDECLARED_SELECTOR = YES;
				GCC_WARN_UNINITIALIZED_AUTOS = YES_AGGRESSIVE;
				GCC_WARN_UNUSED_FUNCTION = YES;
				GCC_WARN_UNUSED_VARIABLE = YES;
				IPHONEOS_DEPLOYMENT_TARGET = 9.2;
				MTL_ENABLE_DEBUG_INFO = NO;
				SDKROOT = iphoneos;
				VALIDATE_PRODUCT = YES;
			};
			name = Release;
		};
		DB66FD651CDD95FC00546AB1 /* Debug */ = {
			isa = XCBuildConfiguration;
			buildSettings = {
				ASSETCATALOG_COMPILER_APPICON_NAME = AppIcon;
				INFOPLIST_FILE = ScrollViewPages/Info.plist;
				LD_RUNPATH_SEARCH_PATHS = "$(inherited) @executable_path/Frameworks";
				PRODUCT_BUNDLE_IDENTIFIER = "moxue.-DriverMX.ScrollViewPages";
				PRODUCT_NAME = "$(TARGET_NAME)";
			};
			name = Debug;
		};
		DB66FD661CDD95FC00546AB1 /* Release */ = {
			isa = XCBuildConfiguration;
			buildSettings = {
				ASSETCATALOG_COMPILER_APPICON_NAME = AppIcon;
				INFOPLIST_FILE = ScrollViewPages/Info.plist;
				LD_RUNPATH_SEARCH_PATHS = "$(inherited) @executable_path/Frameworks";
				PRODUCT_BUNDLE_IDENTIFIER = "moxue.-DriverMX.ScrollViewPages";
				PRODUCT_NAME = "$(TARGET_NAME)";
			};
			name = Release;
		};
		DB66FD681CDD95FC00546AB1 /* Debug */ = {
			isa = XCBuildConfiguration;
			buildSettings = {
				BUNDLE_LOADER = "$(TEST_HOST)";
				INFOPLIST_FILE = ScrollViewPagesTests/Info.plist;
				LD_RUNPATH_SEARCH_PATHS = "$(inherited) @executable_path/Frameworks @loader_path/Frameworks";
				PRODUCT_BUNDLE_IDENTIFIER = "moxue.-DriverMX.ScrollViewPagesTests";
				PRODUCT_NAME = "$(TARGET_NAME)";
				TEST_HOST = "$(BUILT_PRODUCTS_DIR)/ScrollViewPages.app/ScrollViewPages";
			};
			name = Debug;
		};
		DB66FD691CDD95FC00546AB1 /* Release */ = {
			isa = XCBuildConfiguration;
			buildSettings = {
				BUNDLE_LOADER = "$(TEST_HOST)";
				INFOPLIST_FILE = ScrollViewPagesTests/Info.plist;
				LD_RUNPATH_SEARCH_PATHS = "$(inherited) @executable_path/Frameworks @loader_path/Frameworks";
				PRODUCT_BUNDLE_IDENTIFIER = "moxue.-DriverMX.ScrollViewPagesTests";
				PRODUCT_NAME = "$(TARGET_NAME)";
				TEST_HOST = "$(BUILT_PRODUCTS_DIR)/ScrollViewPages.app/ScrollViewPages";
			};
			name = Release;
		};
		DB66FD6B1CDD95FC00546AB1 /* Debug */ = {
			isa = XCBuildConfiguration;
			buildSettings = {
				INFOPLIST_FILE = ScrollViewPagesUITests/Info.plist;
				LD_RUNPATH_SEARCH_PATHS = "$(inherited) @executable_path/Frameworks @loader_path/Frameworks";
				PRODUCT_BUNDLE_IDENTIFIER = "moxue.-DriverMX.ScrollViewPagesUITests";
				PRODUCT_NAME = "$(TARGET_NAME)";
				TEST_TARGET_NAME = ScrollViewPages;
				USES_XCTRUNNER = YES;
			};
			name = Debug;
		};
		DB66FD6C1CDD95FC00546AB1 /* Release */ = {
			isa = XCBuildConfiguration;
			buildSettings = {
				INFOPLIST_FILE = ScrollViewPagesUITests/Info.plist;
				LD_RUNPATH_SEARCH_PATHS = "$(inherited) @executable_path/Frameworks @loader_path/Frameworks";
				PRODUCT_BUNDLE_IDENTIFIER = "moxue.-DriverMX.ScrollViewPagesUITests";
				PRODUCT_NAME = "$(TARGET_NAME)";
				TEST_TARGET_NAME = ScrollViewPages;
				USES_XCTRUNNER = YES;
			};
			name = Release;
		};
/* End XCBuildConfiguration section */

/* Begin XCConfigurationList section */
		DB66FD321CDD95FC00546AB1 /* Build configuration list for PBXProject "ScrollViewPages" */ = {
			isa = XCConfigurationList;
			buildConfigurations = (
				DB66FD621CDD95FC00546AB1 /* Debug */,
				DB66FD631CDD95FC00546AB1 /* Release */,
			);
			defaultConfigurationIsVisible = 0;
			defaultConfigurationName = Release;
		};
		DB66FD641CDD95FC00546AB1 /* Build configuration list for PBXNativeTarget "ScrollViewPages" */ = {
			isa = XCConfigurationList;
			buildConfigurations = (
				DB66FD651CDD95FC00546AB1 /* Debug */,
				DB66FD661CDD95FC00546AB1 /* Release */,
			);
			defaultConfigurationIsVisible = 0;
		};
		DB66FD671CDD95FC00546AB1 /* Build configuration list for PBXNativeTarget "ScrollViewPagesTests" */ = {
			isa = XCConfigurationList;
			buildConfigurations = (
				DB66FD681CDD95FC00546AB1 /* Debug */,
				DB66FD691CDD95FC00546AB1 /* Release */,
			);
			defaultConfigurationIsVisible = 0;
		};
		DB66FD6A1CDD95FC00546AB1 /* Build configuration list for PBXNativeTarget "ScrollViewPagesUITests" */ = {
			isa = XCConfigurationList;
			buildConfigurations = (
				DB66FD6B1CDD95FC00546AB1 /* Debug */,
				DB66FD6C1CDD95FC00546AB1 /* Release */,
			);
			defaultConfigurationIsVisible = 0;
		};
/* End XCConfigurationList section */
	};
	rootObject = DB66FD2F1CDD95FC00546AB1 /* Project object */;
}
